// !$*UTF8*$!
{
	archiveVersion = 1;
	classes = {
	};
	objectVersion = 46;
	objects = {

/* Begin PBXBuildFile section */
		004710E31DE10644007DF99D /* CustomSoundViewController.swift in Sources */ = {isa = PBXBuildFile; fileRef = 004710E21DE10644007DF99D /* CustomSoundViewController.swift */; };
		B397CEAD1DF38A9800042AC8 /* 690x960.png in Resources */ = {isa = PBXBuildFile; fileRef = B397CEAC1DF38A9800042AC8 /* 690x960.png */; };
		B397CEAF1DF38B6100042AC8 /* 320x480.png in Resources */ = {isa = PBXBuildFile; fileRef = B397CEAE1DF38B6100042AC8 /* 320x480.png */; };
		B3C7765C1DE0F97600796B32 /* AppDelegate.swift in Sources */ = {isa = PBXBuildFile; fileRef = B3C7765B1DE0F97600796B32 /* AppDelegate.swift */; };
		B3C7765E1DE0F97600796B32 /* ChooseNapDurationViewController.swift in Sources */ = {isa = PBXBuildFile; fileRef = B3C7765D1DE0F97600796B32 /* ChooseNapDurationViewController.swift */; };
		B3C776601DE0F97600796B32 /* DataLogViewController.swift in Sources */ = {isa = PBXBuildFile; fileRef = B3C7765F1DE0F97600796B32 /* DataLogViewController.swift */; };
		B3C776631DE0F97600796B32 /* Main.storyboard in Resources */ = {isa = PBXBuildFile; fileRef = B3C776611DE0F97600796B32 /* Main.storyboard */; };
		B3C776651DE0F97600796B32 /* Assets.xcassets in Resources */ = {isa = PBXBuildFile; fileRef = B3C776641DE0F97600796B32 /* Assets.xcassets */; };
		B3C776731DE0F97700796B32 /* SleepBeeTests.swift in Sources */ = {isa = PBXBuildFile; fileRef = B3C776721DE0F97700796B32 /* SleepBeeTests.swift */; };
		B3C7767E1DE0F97700796B32 /* SleepBeeUITests.swift in Sources */ = {isa = PBXBuildFile; fileRef = B3C7767D1DE0F97700796B32 /* SleepBeeUITests.swift */; };
		B3C7768C1DE0FAB300796B32 /* TimerViewController.swift in Sources */ = {isa = PBXBuildFile; fileRef = B3C7768B1DE0FAB300796B32 /* TimerViewController.swift */; };
		B3C7768E1DE0FAE500796B32 /* SoundViewController.swift in Sources */ = {isa = PBXBuildFile; fileRef = B3C7768D1DE0FAE500796B32 /* SoundViewController.swift */; };
/* End PBXBuildFile section */

/* Begin PBXContainerItemProxy section */
		B3C7766F1DE0F97700796B32 /* PBXContainerItemProxy */ = {
			isa = PBXContainerItemProxy;
			containerPortal = B3C776501DE0F97600796B32 /* Project object */;
			proxyType = 1;
			remoteGlobalIDString = B3C776571DE0F97600796B32;
			remoteInfo = SleepBee;
		};
		B3C7767A1DE0F97700796B32 /* PBXContainerItemProxy */ = {
			isa = PBXContainerItemProxy;
			containerPortal = B3C776501DE0F97600796B32 /* Project object */;
			proxyType = 1;
			remoteGlobalIDString = B3C776571DE0F97600796B32;
			remoteInfo = SleepBee;
		};
/* End PBXContainerItemProxy section */

/* Begin PBXFileReference section */
		004710E21DE10644007DF99D /* CustomSoundViewController.swift */ = {isa = PBXFileReference; fileEncoding = 4; lastKnownFileType = sourcecode.swift; path = CustomSoundViewController.swift; sourceTree = "<group>"; };
		B397CEAC1DF38A9800042AC8 /* 690x960.png */ = {isa = PBXFileReference; lastKnownFileType = image.png; name = 690x960.png; path = ../../../../Desktop/690x960.png; sourceTree = "<group>"; };
		B397CEAE1DF38B6100042AC8 /* 320x480.png */ = {isa = PBXFileReference; lastKnownFileType = image.png; name = 320x480.png; path = ../../../../Desktop/320x480.png; sourceTree = "<group>"; };
		B3C776581DE0F97600796B32 /* SleepBee.app */ = {isa = PBXFileReference; explicitFileType = wrapper.application; includeInIndex = 0; path = SleepBee.app; sourceTree = BUILT_PRODUCTS_DIR; };
		B3C7765B1DE0F97600796B32 /* AppDelegate.swift */ = {isa = PBXFileReference; lastKnownFileType = sourcecode.swift; path = AppDelegate.swift; sourceTree = "<group>"; };
		B3C7765D1DE0F97600796B32 /* ChooseNapDurationViewController.swift */ = {isa = PBXFileReference; lastKnownFileType = sourcecode.swift; path = ChooseNapDurationViewController.swift; sourceTree = "<group>"; };
		B3C7765F1DE0F97600796B32 /* DataLogViewController.swift */ = {isa = PBXFileReference; lastKnownFileType = sourcecode.swift; path = DataLogViewController.swift; sourceTree = "<group>"; };
		B3C776621DE0F97600796B32 /* Base */ = {isa = PBXFileReference; lastKnownFileType = file.storyboard; name = Base; path = Base.lproj/Main.storyboard; sourceTree = "<group>"; };
		B3C776641DE0F97600796B32 /* Assets.xcassets */ = {isa = PBXFileReference; lastKnownFileType = folder.assetcatalog; path = Assets.xcassets; sourceTree = "<group>"; };
		B3C776691DE0F97600796B32 /* Info.plist */ = {isa = PBXFileReference; lastKnownFileType = text.plist.xml; path = Info.plist; sourceTree = "<group>"; };
		B3C7766E1DE0F97700796B32 /* SleepBeeTests.xctest */ = {isa = PBXFileReference; explicitFileType = wrapper.cfbundle; includeInIndex = 0; path = SleepBeeTests.xctest; sourceTree = BUILT_PRODUCTS_DIR; };
		B3C776721DE0F97700796B32 /* SleepBeeTests.swift */ = {isa = PBXFileReference; lastKnownFileType = sourcecode.swift; path = SleepBeeTests.swift; sourceTree = "<group>"; };
		B3C776741DE0F97700796B32 /* Info.plist */ = {isa = PBXFileReference; lastKnownFileType = text.plist.xml; path = Info.plist; sourceTree = "<group>"; };
		B3C776791DE0F97700796B32 /* SleepBeeUITests.xctest */ = {isa = PBXFileReference; explicitFileType = wrapper.cfbundle; includeInIndex = 0; path = SleepBeeUITests.xctest; sourceTree = BUILT_PRODUCTS_DIR; };
		B3C7767D1DE0F97700796B32 /* SleepBeeUITests.swift */ = {isa = PBXFileReference; lastKnownFileType = sourcecode.swift; path = SleepBeeUITests.swift; sourceTree = "<group>"; };
		B3C7767F1DE0F97700796B32 /* Info.plist */ = {isa = PBXFileReference; lastKnownFileType = text.plist.xml; path = Info.plist; sourceTree = "<group>"; };
		B3C7768B1DE0FAB300796B32 /* TimerViewController.swift */ = {isa = PBXFileReference; fileEncoding = 4; lastKnownFileType = sourcecode.swift; path = TimerViewController.swift; sourceTree = "<group>"; };
		B3C7768D1DE0FAE500796B32 /* SoundViewController.swift */ = {isa = PBXFileReference; fileEncoding = 4; lastKnownFileType = sourcecode.swift; path = SoundViewController.swift; sourceTree = "<group>"; };
/* End PBXFileReference section */

/* Begin PBXFrameworksBuildPhase section */
		B3C776551DE0F97600796B32 /* Frameworks */ = {
			isa = PBXFrameworksBuildPhase;
			buildActionMask = 2147483647;
			files = (
			);
			runOnlyForDeploymentPostprocessing = 0;
		};
		B3C7766B1DE0F97700796B32 /* Frameworks */ = {
			isa = PBXFrameworksBuildPhase;
			buildActionMask = 2147483647;
			files = (
			);
			runOnlyForDeploymentPostprocessing = 0;
		};
		B3C776761DE0F97700796B32 /* Frameworks */ = {
			isa = PBXFrameworksBuildPhase;
			buildActionMask = 2147483647;
			files = (
			);
			runOnlyForDeploymentPostprocessing = 0;
		};
/* End PBXFrameworksBuildPhase section */

/* Begin PBXGroup section */
		B3C7764F1DE0F97600796B32 = {
			isa = PBXGroup;
			children = (
				B3C7765A1DE0F97600796B32 /* SleepBee */,
				B3C776711DE0F97700796B32 /* SleepBeeTests */,
				B3C7767C1DE0F97700796B32 /* SleepBeeUITests */,
				B3C776591DE0F97600796B32 /* Products */,
			);
			sourceTree = "<group>";
		};
		B3C776591DE0F97600796B32 /* Products */ = {
			isa = PBXGroup;
			children = (
				B3C776581DE0F97600796B32 /* SleepBee.app */,
				B3C7766E1DE0F97700796B32 /* SleepBeeTests.xctest */,
				B3C776791DE0F97700796B32 /* SleepBeeUITests.xctest */,
			);
			name = Products;
			sourceTree = "<group>";
		};
		B3C7765A1DE0F97600796B32 /* SleepBee */ = {
			isa = PBXGroup;
			children = (
				B3C7765B1DE0F97600796B32 /* AppDelegate.swift */,
				B3C7768D1DE0FAE500796B32 /* SoundViewController.swift */,
				B3C776611DE0F97600796B32 /* Main.storyboard */,
				B3C7765D1DE0F97600796B32 /* ChooseNapDurationViewController.swift */,
				B3C7765F1DE0F97600796B32 /* DataLogViewController.swift */,
				004710E21DE10644007DF99D /* CustomSoundViewController.swift */,
				B397CEAE1DF38B6100042AC8 /* 320x480.png */,
				B3C776641DE0F97600796B32 /* Assets.xcassets */,
				B397CEAC1DF38A9800042AC8 /* 690x960.png */,
				B3C776691DE0F97600796B32 /* Info.plist */,
				B3C7768B1DE0FAB300796B32 /* TimerViewController.swift */,
			);
			path = SleepBee;
			sourceTree = "<group>";
		};
		B3C776711DE0F97700796B32 /* SleepBeeTests */ = {
			isa = PBXGroup;
			children = (
				B3C776721DE0F97700796B32 /* SleepBeeTests.swift */,
				B3C776741DE0F97700796B32 /* Info.plist */,
			);
			path = SleepBeeTests;
			sourceTree = "<group>";
		};
		B3C7767C1DE0F97700796B32 /* SleepBeeUITests */ = {
			isa = PBXGroup;
			children = (
				B3C7767D1DE0F97700796B32 /* SleepBeeUITests.swift */,
				B3C7767F1DE0F97700796B32 /* Info.plist */,
			);
			path = SleepBeeUITests;
			sourceTree = "<group>";
		};
/* End PBXGroup section */

/* Begin PBXNativeTarget section */
		B3C776571DE0F97600796B32 /* SleepBee */ = {
			isa = PBXNativeTarget;
			buildConfigurationList = B3C776821DE0F97700796B32 /* Build configuration list for PBXNativeTarget "SleepBee" */;
			buildPhases = (
				B3C776541DE0F97600796B32 /* Sources */,
				B3C776551DE0F97600796B32 /* Frameworks */,
				B3C776561DE0F97600796B32 /* Resources */,
			);
			buildRules = (
			);
			dependencies = (
			);
			name = SleepBee;
			productName = SleepBee;
			productReference = B3C776581DE0F97600796B32 /* SleepBee.app */;
			productType = "com.apple.product-type.application";
		};
		B3C7766D1DE0F97700796B32 /* SleepBeeTests */ = {
			isa = PBXNativeTarget;
			buildConfigurationList = B3C776851DE0F97700796B32 /* Build configuration list for PBXNativeTarget "SleepBeeTests" */;
			buildPhases = (
				B3C7766A1DE0F97700796B32 /* Sources */,
				B3C7766B1DE0F97700796B32 /* Frameworks */,
				B3C7766C1DE0F97700796B32 /* Resources */,
			);
			buildRules = (
			);
			dependencies = (
				B3C776701DE0F97700796B32 /* PBXTargetDependency */,
			);
			name = SleepBeeTests;
			productName = SleepBeeTests;
			productReference = B3C7766E1DE0F97700796B32 /* SleepBeeTests.xctest */;
			productType = "com.apple.product-type.bundle.unit-test";
		};
		B3C776781DE0F97700796B32 /* SleepBeeUITests */ = {
			isa = PBXNativeTarget;
			buildConfigurationList = B3C776881DE0F97700796B32 /* Build configuration list for PBXNativeTarget "SleepBeeUITests" */;
			buildPhases = (
				B3C776751DE0F97700796B32 /* Sources */,
				B3C776761DE0F97700796B32 /* Frameworks */,
				B3C776771DE0F97700796B32 /* Resources */,
			);
			buildRules = (
			);
			dependencies = (
				B3C7767B1DE0F97700796B32 /* PBXTargetDependency */,
			);
			name = SleepBeeUITests;
			productName = SleepBeeUITests;
			productReference = B3C776791DE0F97700796B32 /* SleepBeeUITests.xctest */;
			productType = "com.apple.product-type.bundle.ui-testing";
		};
/* End PBXNativeTarget section */

/* Begin PBXProject section */
		B3C776501DE0F97600796B32 /* Project object */ = {
			isa = PBXProject;
			attributes = {
				LastSwiftUpdateCheck = 0800;
				LastUpgradeCheck = 0800;
				ORGANIZATIONNAME = "Alexis Tran";
				TargetAttributes = {
					B3C776571DE0F97600796B32 = {
						CreatedOnToolsVersion = 8.0;
						ProvisioningStyle = Automatic;
					};
					B3C7766D1DE0F97700796B32 = {
						CreatedOnToolsVersion = 8.0;
						ProvisioningStyle = Automatic;
						TestTargetID = B3C776571DE0F97600796B32;
					};
					B3C776781DE0F97700796B32 = {
						CreatedOnToolsVersion = 8.0;
						ProvisioningStyle = Automatic;
						TestTargetID = B3C776571DE0F97600796B32;
					};
				};
			};
			buildConfigurationList = B3C776531DE0F97600796B32 /* Build configuration list for PBXProject "SleepBee" */;
			compatibilityVersion = "Xcode 3.2";
			developmentRegion = English;
			hasScannedForEncodings = 0;
			knownRegions = (
				en,
				Base,
			);
			mainGroup = B3C7764F1DE0F97600796B32;
			productRefGroup = B3C776591DE0F97600796B32 /* Products */;
			projectDirPath = "";
			projectRoot = "";
			targets = (
				B3C776571DE0F97600796B32 /* SleepBee */,
				B3C7766D1DE0F97700796B32 /* SleepBeeTests */,
				B3C776781DE0F97700796B32 /* SleepBeeUITests */,
			);
		};
/* End PBXProject section */

/* Begin PBXResourcesBuildPhase section */
		B3C776561DE0F97600796B32 /* Resources */ = {
			isa = PBXResourcesBuildPhase;
			buildActionMask = 2147483647;
			files = (
				B3C776651DE0F97600796B32 /* Assets.xcassets in Resources */,
				B397CEAF1DF38B6100042AC8 /* 320x480.png in Resources */,
				B3C776631DE0F97600796B32 /* Main.storyboard in Resources */,
				B397CEAD1DF38A9800042AC8 /* 690x960.png in Resources */,
			);
			runOnlyForDeploymentPostprocessing = 0;
		};
		B3C7766C1DE0F97700796B32 /* Resources */ = {
			isa = PBXResourcesBuildPhase;
			buildActionMask = 2147483647;
			files = (
			);
			runOnlyForDeploymentPostprocessing = 0;
		};
		B3C776771DE0F97700796B32 /* Resources */ = {
			isa = PBXResourcesBuildPhase;
			buildActionMask = 2147483647;
			files = (
			);
			runOnlyForDeploymentPostprocessing = 0;
		};
/* End PBXResourcesBuildPhase section */

/* Begin PBXSourcesBuildPhase section */
		B3C776541DE0F97600796B32 /* Sources */ = {
			isa = PBXSourcesBuildPhase;
			buildActionMask = 2147483647;
			files = (
				B3C7768C1DE0FAB300796B32 /* TimerViewController.swift in Sources */,
				004710E31DE10644007DF99D /* CustomSoundViewController.swift in Sources */,
				B3C776601DE0F97600796B32 /* DataLogViewController.swift in Sources */,
				B3C7765C1DE0F97600796B32 /* AppDelegate.swift in Sources */,
				B3C7765E1DE0F97600796B32 /* ChooseNapDurationViewController.swift in Sources */,
				B3C7768E1DE0FAE500796B32 /* SoundViewController.swift in Sources */,
			);
			runOnlyForDeploymentPostprocessing = 0;
		};
		B3C7766A1DE0F97700796B32 /* Sources */ = {
			isa = PBXSourcesBuildPhase;
			buildActionMask = 2147483647;
			files = (
				B3C776731DE0F97700796B32 /* SleepBeeTests.swift in Sources */,
			);
			runOnlyForDeploymentPostprocessing = 0;
		};
		B3C776751DE0F97700796B32 /* Sources */ = {
			isa = PBXSourcesBuildPhase;
			buildActionMask = 2147483647;
			files = (
				B3C7767E1DE0F97700796B32 /* SleepBeeUITests.swift in Sources */,
			);
			runOnlyForDeploymentPostprocessing = 0;
		};
/* End PBXSourcesBuildPhase section */

/* Begin PBXTargetDependency section */
		B3C776701DE0F97700796B32 /* PBXTargetDependency */ = {
			isa = PBXTargetDependency;
			target = B3C776571DE0F97600796B32 /* SleepBee */;
			targetProxy = B3C7766F1DE0F97700796B32 /* PBXContainerItemProxy */;
		};
		B3C7767B1DE0F97700796B32 /* PBXTargetDependency */ = {
			isa = PBXTargetDependency;
			target = B3C776571DE0F97600796B32 /* SleepBee */;
			targetProxy = B3C7767A1DE0F97700796B32 /* PBXContainerItemProxy */;
		};
/* End PBXTargetDependency section */

/* Begin PBXVariantGroup section */
		B3C776611DE0F97600796B32 /* Main.storyboard */ = {
			isa = PBXVariantGroup;
			children = (
				B3C776621DE0F97600796B32 /* Base */,
			);
			name = Main.storyboard;
			sourceTree = "<group>";
		};
/* End PBXVariantGroup section */

/* Begin XCBuildConfiguration section */
		B3C776801DE0F97700796B32 /* Debug */ = {
			isa = XCBuildConfiguration;
			buildSettings = {
				ALWAYS_SEARCH_USER_PATHS = NO;
				CLANG_ANALYZER_NONNULL = YES;
				CLANG_CXX_LANGUAGE_STANDARD = "gnu++0x";
				CLANG_CXX_LIBRARY = "libc++";
				CLANG_ENABLE_MODULES = YES;
				CLANG_ENABLE_OBJC_ARC = YES;
				CLANG_WARN_BOOL_CONVERSION = YES;
				CLANG_WARN_CONSTANT_CONVERSION = YES;
				CLANG_WARN_DIRECT_OBJC_ISA_USAGE = YES_ERROR;
				CLANG_WARN_DOCUMENTATION_COMMENTS = YES;
				CLANG_WARN_EMPTY_BODY = YES;
				CLANG_WARN_ENUM_CONVERSION = YES;
				CLANG_WARN_INFINITE_RECURSION = YES;
				CLANG_WARN_INT_CONVERSION = YES;
				CLANG_WARN_OBJC_ROOT_CLASS = YES_ERROR;
				CLANG_WARN_SUSPICIOUS_MOVES = YES;
				CLANG_WARN_UNREACHABLE_CODE = YES;
				CLANG_WARN__DUPLICATE_METHOD_MATCH = YES;
				"CODE_SIGN_IDENTITY[sdk=iphoneos*]" = "iPhone Developer";
				COPY_PHASE_STRIP = NO;
				DEBUG_INFORMATION_FORMAT = dwarf;
				ENABLE_STRICT_OBJC_MSGSEND = YES;
				ENABLE_TESTABILITY = YES;
				GCC_C_LANGUAGE_STANDARD = gnu99;
				GCC_DYNAMIC_NO_PIC = NO;
				GCC_NO_COMMON_BLOCKS = YES;
				GCC_OPTIMIZATION_LEVEL = 0;
				GCC_PREPROCESSOR_DEFINITIONS = (
					"DEBUG=1",
					"$(inherited)",
				);
				GCC_WARN_64_TO_32_BIT_CONVERSION = YES;
				GCC_WARN_ABOUT_RETURN_TYPE = YES_ERROR;
				GCC_WARN_UNDECLARED_SELECTOR = YES;
				GCC_WARN_UNINITIALIZED_AUTOS = YES_AGGRESSIVE;
				GCC_WARN_UNUSED_FUNCTION = YES;
				GCC_WARN_UNUSED_VARIABLE = YES;
				IPHONEOS_DEPLOYMENT_TARGET = 10.0;
				MTL_ENABLE_DEBUG_INFO = YES;
				ONLY_ACTIVE_ARCH = YES;
				SDKROOT = iphoneos;
				SWIFT_ACTIVE_COMPILATION_CONDITIONS = DEBUG;
				SWIFT_OPTIMIZATION_LEVEL = "-Onone";
				TARGETED_DEVICE_FAMILY = "1,2";
			};
			name = Debug;
		};
		B3C776811DE0F97700796B32 /* Release */ = {
			isa = XCBuildConfiguration;
			buildSettings = {
				ALWAYS_SEARCH_USER_PATHS = NO;
				CLANG_ANALYZER_NONNULL = YES;
				CLANG_CXX_LANGUAGE_STANDARD = "gnu++0x";
				CLANG_CXX_LIBRARY = "libc++";
				CLANG_ENABLE_MODULES = YES;
				CLANG_ENABLE_OBJC_ARC = YES;
				CLANG_WARN_BOOL_CONVERSION = YES;
				CLANG_WARN_CONSTANT_CONVERSION = YES;
				CLANG_WARN_DIRECT_OBJC_ISA_USAGE = YES_ERROR;
				CLANG_WARN_DOCUMENTATION_COMMENTS = YES;
				CLANG_WARN_EMPTY_BODY = YES;
				CLANG_WARN_ENUM_CONVERSION = YES;
				CLANG_WARN_INFINITE_RECURSION = YES;
				CLANG_WARN_INT_CONVERSION = YES;
				CLANG_WARN_OBJC_ROOT_CLASS = YES_ERROR;
				CLANG_WARN_SUSPICIOUS_MOVES = YES;
				CLANG_WARN_UNREACHABLE_CODE = YES;
				CLANG_WARN__DUPLICATE_METHOD_MATCH = YES;
				"CODE_SIGN_IDENTITY[sdk=iphoneos*]" = "iPhone Developer";
				COPY_PHASE_STRIP = NO;
				DEBUG_INFORMATION_FORMAT = "dwarf-with-dsym";
				ENABLE_NS_ASSERTIONS = NO;
				ENABLE_STRICT_OBJC_MSGSEND = YES;
				GCC_C_LANGUAGE_STANDARD = gnu99;
				GCC_NO_COMMON_BLOCKS = YES;
				GCC_WARN_64_TO_32_BIT_CONVERSION = YES;
				GCC_WARN_ABOUT_RETURN_TYPE = YES_ERROR;
				GCC_WARN_UNDECLARED_SELECTOR = YES;
				GCC_WARN_UNINITIALIZED_AUTOS = YES_AGGRESSIVE;
				GCC_WARN_UNUSED_FUNCTION = YES;
				GCC_WARN_UNUSED_VARIABLE = YES;
				IPHONEOS_DEPLOYMENT_TARGET = 10.0;
				MTL_ENABLE_DEBUG_INFO = NO;
				SDKROOT = iphoneos;
				SWIFT_OPTIMIZATION_LEVEL = "-Owholemodule";
				TARGETED_DEVICE_FAMILY = "1,2";
				VALIDATE_PRODUCT = YES;
			};
			name = Release;
		};
		B3C776831DE0F97700796B32 /* Debug */ = {
			isa = XCBuildConfiguration;
			buildSettings = {
				ASSETCATALOG_COMPILER_APPICON_NAME = AppIcon;
				ASSETCATALOG_COMPILER_LAUNCHIMAGE_NAME = LaunchImage;
				INFOPLIST_FILE = SleepBee/Info.plist;
				LD_RUNPATH_SEARCH_PATHS = "$(inherited) @executable_path/Frameworks";
				PRODUCT_BUNDLE_IDENTIFIER = AlexisTran.SleepBee;
				PRODUCT_NAME = "$(TARGET_NAME)";
				SWIFT_VERSION = 3.0;
			};
			name = Debug;
		};
		B3C776841DE0F97700796B32 /* Release */ = {
			isa = XCBuildConfiguration;
			buildSettings = {
				ASSETCATALOG_COMPILER_APPICON_NAME = AppIcon;
				ASSETCATALOG_COMPILER_LAUNCHIMAGE_NAME = LaunchImage;
				INFOPLIST_FILE = SleepBee/Info.plist;
				LD_RUNPATH_SEARCH_PATHS = "$(inherited) @executable_path/Frameworks";
				PRODUCT_BUNDLE_IDENTIFIER = AlexisTran.SleepBee;
				PRODUCT_NAME = "$(TARGET_NAME)";
				SWIFT_VERSION = 3.0;
			};
			name = Release;
		};
		B3C776861DE0F97700796B32 /* Debug */ = {
			isa = XCBuildConfiguration;
			buildSettings = {
				ALWAYS_EMBED_SWIFT_STANDARD_LIBRARIES = YES;
				BUNDLE_LOADER = "$(TEST_HOST)";
				INFOPLIST_FILE = SleepBeeTests/Info.plist;
				LD_RUNPATH_SEARCH_PATHS = "$(inherited) @executable_path/Frameworks @loader_path/Frameworks";
				PRODUCT_BUNDLE_IDENTIFIER = AlexisTran.SleepBeeTests;
				PRODUCT_NAME = "$(TARGET_NAME)";
				SWIFT_VERSION = 3.0;
				TEST_HOST = "$(BUILT_PRODUCTS_DIR)/SleepBee.app/SleepBee";
			};
			name = Debug;
		};
		B3C776871DE0F97700796B32 /* Release */ = {
			isa = XCBuildConfiguration;
			buildSettings = {
				ALWAYS_EMBED_SWIFT_STANDARD_LIBRARIES = YES;
				BUNDLE_LOADER = "$(TEST_HOST)";
				INFOPLIST_FILE = SleepBeeTests/Info.plist;
				LD_RUNPATH_SEARCH_PATHS = "$(inherited) @executable_path/Frameworks @loader_path/Frameworks";
				PRODUCT_BUNDLE_IDENTIFIER = AlexisTran.SleepBeeTests;
				PRODUCT_NAME = "$(TARGET_NAME)";
				SWIFT_VERSION = 3.0;
				TEST_HOST = "$(BUILT_PRODUCTS_DIR)/SleepBee.app/SleepBee";
			};
			name = Release;
		};
		B3C776891DE0F97700796B32 /* Debug */ = {
			isa = XCBuildConfiguration;
			buildSettings = {
				ALWAYS_EMBED_SWIFT_STANDARD_LIBRARIES = YES;
				INFOPLIST_FILE = SleepBeeUITests/Info.plist;
				LD_RUNPATH_SEARCH_PATHS = "$(inherited) @executable_path/Frameworks @loader_path/Frameworks";
				PRODUCT_BUNDLE_IDENTIFIER = AlexisTran.SleepBeeUITests;
				PRODUCT_NAME = "$(TARGET_NAME)";
				SWIFT_VERSION = 3.0;
				TEST_TARGET_NAME = SleepBee;
			};
			name = Debug;
		};
		B3C7768A1DE0F97700796B32 /* Release */ = {
			isa = XCBuildConfiguration;
			buildSettings = {
				ALWAYS_EMBED_SWIFT_STANDARD_LIBRARIES = YES;
				INFOPLIST_FILE = SleepBeeUITests/Info.plist;
				LD_RUNPATH_SEARCH_PATHS = "$(inherited) @executable_path/Frameworks @loader_path/Frameworks";
				PRODUCT_BUNDLE_IDENTIFIER = AlexisTran.SleepBeeUITests;
				PRODUCT_NAME = "$(TARGET_NAME)";
				SWIFT_VERSION = 3.0;
				TEST_TARGET_NAME = SleepBee;
			};
			name = Release;
		};
/* End XCBuildConfiguration section */

/* Begin XCConfigurationList section */
		B3C776531DE0F97600796B32 /* Build configuration list for PBXProject "SleepBee" */ = {
			isa = XCConfigurationList;
			buildConfigurations = (
				B3C776801DE0F97700796B32 /* Debug */,
				B3C776811DE0F97700796B32 /* Release */,
			);
			defaultConfigurationIsVisible = 0;
			defaultConfigurationName = Release;
		};
		B3C776821DE0F97700796B32 /* Build configuration list for PBXNativeTarget "SleepBee" */ = {
			isa = XCConfigurationList;
			buildConfigurations = (
				B3C776831DE0F97700796B32 /* Debug */,
				B3C776841DE0F97700796B32 /* Release */,
			);
			defaultConfigurationIsVisible = 0;
			defaultConfigurationName = Release;
		};
		B3C776851DE0F97700796B32 /* Build configuration list for PBXNativeTarget "SleepBeeTests" */ = {
			isa = XCConfigurationList;
			buildConfigurations = (
				B3C776861DE0F97700796B32 /* Debug */,
				B3C776871DE0F97700796B32 /* Release */,
			);
			defaultConfigurationIsVisible = 0;
			defaultConfigurationName = Release;
		};
		B3C776881DE0F97700796B32 /* Build configuration list for PBXNativeTarget "SleepBeeUITests" */ = {
			isa = XCConfigurationList;
			buildConfigurations = (
				B3C776891DE0F97700796B32 /* Debug */,
				B3C7768A1DE0F97700796B32 /* Release */,
			);
			defaultConfigurationIsVisible = 0;
			defaultConfigurationName = Release;
		};
/* End XCConfigurationList section */
	};
	rootObject = B3C776501DE0F97600796B32 /* Project object */;
}
